
Microsoft Visual Studio Solution File, Format Version 12.00
# Visual Studio Version 16
VisualStudioVersion = 16.0.29613.14
MinimumVisualStudioVersion = 10.0.40219.1
Project("{2150E333-8FDC-42A3-9474-1A3956D46DE8}") = "00-Dominio", "00-Dominio", "{8F5ED00C-BD8E-4F5E-8E68-8F6AA0FDAF24}"
EndProject
Project("{FAE04EC0-301F-11D3-BF4B-00C04F79EFBC}") = "RicardoTCC.LV.Dominio", "RicardoTCC.LV.Dominio\RicardoTCC.LV.Dominio.csproj", "{60FD480F-95B1-425B-9515-2B0224028BCE}"
EndProject
Project("{FAE04EC0-301F-11D3-BF4B-00C04F79EFBC}") = "RicardoTCC.LV.TesteUnidade.Dominio", "RicardoTCC.LV.TesteUnidade.Dominio\RicardoTCC.LV.TesteUnidade.Dominio.csproj", "{AEE04680-FB8F-46AB-9F24-EC578759FD5F}"
EndProject
Global
	GlobalSection(SolutionConfigurationPlatforms) = preSolution
		Debug|Any CPU = Debug|Any CPU
		Release|Any CPU = Release|Any CPU
	EndGlobalSection
	GlobalSection(ProjectConfigurationPlatforms) = postSolution
		{60FD480F-95B1-425B-9515-2B0224028BCE}.Debug|Any CPU.ActiveCfg = Debug|Any CPU
		{60FD480F-95B1-425B-9515-2B0224028BCE}.Debug|Any CPU.Build.0 = Debug|Any CPU
		{60FD480F-95B1-425B-9515-2B0224028BCE}.Release|Any CPU.ActiveCfg = Release|Any CPU
		{60FD480F-95B1-425B-9515-2B0224028BCE}.Release|Any CPU.Build.0 = Release|Any CPU
		{AEE04680-FB8F-46AB-9F24-EC578759FD5F}.Debug|Any CPU.ActiveCfg = Debug|Any CPU
		{AEE04680-FB8F-46AB-9F24-EC578759FD5F}.Debug|Any CPU.Build.0 = Debug|Any CPU
		{AEE04680-FB8F-46AB-9F24-EC578759FD5F}.Release|Any CPU.ActiveCfg = Release|Any CPU
		{AEE04680-FB8F-46AB-9F24-EC578759FD5F}.Release|Any CPU.Build.0 = Release|Any CPU
	EndGlobalSection
	GlobalSection(SolutionProperties) = preSolution
		HideSolutionNode = FALSE
	EndGlobalSection
	GlobalSection(NestedProjects) = preSolution
		{60FD480F-95B1-425B-9515-2B0224028BCE} = {8F5ED00C-BD8E-4F5E-8E68-8F6AA0FDAF24}
		{AEE04680-FB8F-46AB-9F24-EC578759FD5F} = {8F5ED00C-BD8E-4F5E-8E68-8F6AA0FDAF24}
	EndGlobalSection
	GlobalSection(ExtensibilityGlobals) = postSolution
		SolutionGuid = {5273C744-50CE-4DFA-B969-0A458AC0F4A9}
	EndGlobalSection
EndGlobal
